
Microsoft Visual Studio Solution File, Format Version 12.00
# Visual Studio Version 16
VisualStudioVersion = 16.0.30517.126
MinimumVisualStudioVersion = 10.0.40219.1
Project("{2150E333-8FDC-42A3-9474-1A3956D46DE8}") = "Day 1", "Day 1", "{CDAE839A-A754-46AF-AA24-B0886F8DC6F7}"
EndProject
Project("{2150E333-8FDC-42A3-9474-1A3956D46DE8}") = "Day 2", "Day 2", "{E24819FF-5C0A-4348-BDB6-AEB579B4A5E4}"
EndProject
Project("{2150E333-8FDC-42A3-9474-1A3956D46DE8}") = "Day 3", "Day 3", "{230CCF55-58FB-4E95-864B-F01F4591F294}"
EndProject
Project("{2150E333-8FDC-42A3-9474-1A3956D46DE8}") = "DINetCoreLab", "DINetCoreLab", "{CBA99CE7-3D0A-4DA1-A303-0556EFE94E4A}"
EndProject
Project("{2150E333-8FDC-42A3-9474-1A3956D46DE8}") = "NetCoreCliLabFinal", "NetCoreCliLabFinal", "{571F1EAA-F535-4CD2-BDEB-AF25FDC7CB42}"
EndProject
Project("{2150E333-8FDC-42A3-9474-1A3956D46DE8}") = "Parallel Lab", "Parallel Lab", "{B65E7EE6-1693-4AD2-90CE-12AB3014122E}"
EndProject
Project("{2150E333-8FDC-42A3-9474-1A3956D46DE8}") = "Async API Lab", "Async API Lab", "{AEF9C78A-4F0C-4E31-B546-737FDCD15C48}"
EndProject
Project("{2150E333-8FDC-42A3-9474-1A3956D46DE8}") = "CSharp Generics Lab", "CSharp Generics Lab", "{F4DD19F3-1F34-437D-8550-EE146AAD1ED1}"
EndProject
Project("{2150E333-8FDC-42A3-9474-1A3956D46DE8}") = "CSharp Variant Parameters Lab", "CSharp Variant Parameters Lab", "{CC471944-C40F-4617-877D-1C96901BE6E6}"
EndProject
Project("{9A19103F-16F7-4668-BE54-9A1E7A4F7556}") = "DI.Lab.Starter", "Day 1\DINetCoreLab\DI.Lab.Starter\DI.Lab.Starter.csproj", "{B64DBEB0-986E-4F68-B4D9-B73503C7A108}"
EndProject
Project("{9A19103F-16F7-4668-BE54-9A1E7A4F7556}") = "DI.Lab.Shared.Final", "Day 1\DINetCoreLab\DI.Lab.Shared.Final\DI.Lab.Shared.Final.csproj", "{FE01044F-5611-4EDD-9338-3EC1A00EBE02}"
EndProject
Project("{9A19103F-16F7-4668-BE54-9A1E7A4F7556}") = "DI.Lab.Interfaces.Final", "Day 1\DINetCoreLab\DI.Lab.Interfaces.Final\DI.Lab.Interfaces.Final.csproj", "{9F656969-2E04-4B65-B1FA-785EED06D68B}"
EndProject
Project("{9A19103F-16F7-4668-BE54-9A1E7A4F7556}") = "DI.Lab.Services.Final", "Day 1\DINetCoreLab\DI.Lab.Services.Final\DI.Lab.Services.Final.csproj", "{C4449206-B495-4F36-95CF-34F1CEEDFDA0}"
EndProject
Project("{9A19103F-16F7-4668-BE54-9A1E7A4F7556}") = "DI.Lab.Final", "Day 1\DINetCoreLab\DI.Lab.Final\DI.Lab.Final.csproj", "{351E5442-E363-4BA5-BCD5-7A5FF72F0B96}"
EndProject
Project("{9A19103F-16F7-4668-BE54-9A1E7A4F7556}") = "MyConsole", "Day 1\NetCoreCliLabFinal\MyConsole\MyConsole.csproj", "{3A54A1FF-EACE-477D-AD4C-6B93E6ADAAA2}"
EndProject
Project("{9A19103F-16F7-4668-BE54-9A1E7A4F7556}") = "MyWebApp.Client", "Day 1\NetCoreCliLabFinal\MyWebApp.Client\MyWebApp.Client.csproj", "{260C13BB-4087-4683-B827-8E1CDB074CE4}"
EndProject
Project("{9A19103F-16F7-4668-BE54-9A1E7A4F7556}") = "MyWebApp.DataStore", "Day 1\NetCoreCliLabFinal\MyWebApp.DataStore\MyWebApp.DataStore.csproj", "{4C05ECC8-E68C-4711-90CD-D0108D61E617}"
EndProject
Project("{9A19103F-16F7-4668-BE54-9A1E7A4F7556}") = "MyWebApp.DataStore.Tests", "Day 1\NetCoreCliLabFinal\MyWebApp.DataStore.Tests\MyWebApp.DataStore.Tests.csproj", "{692EB858-15CD-48C7-A40F-850EFE878F01}"
EndProject
Project("{9A19103F-16F7-4668-BE54-9A1E7A4F7556}") = "AsyncApiCore.Starter", "Day 2\Async API Lab\AsyncApiCore.Starter\AsyncApiCore.Starter.csproj", "{E54DEB0B-8BE9-4C16-B554-43DB9E459C41}"
EndProject
Project("{9A19103F-16F7-4668-BE54-9A1E7A4F7556}") = "AsyncApiCore.Final", "Day 2\Async API Lab\AsyncApiCore.Final\AsyncApiCore.Final.csproj", "{40A36041-0930-4900-8B01-8C99DEBB196B}"
EndProject
Project("{9A19103F-16F7-4668-BE54-9A1E7A4F7556}") = "ThreadVsParallel.Starter", "Day 2\Parallel Lab\ThreadVsParallel.Starter\ThreadVsParallel.Starter.csproj", "{88A3A3CD-AB3B-4A4A-B4D2-6EF4F38B8DE1}"
EndProject
Project("{9A19103F-16F7-4668-BE54-9A1E7A4F7556}") = "ThreadVsParallel", "Day 2\Parallel Lab\ThreadVsParallel\ThreadVsParallel.csproj", "{EE0B6BFB-6649-4BA4-B4A8-1ABF92C74019}"
EndProject
Project("{9A19103F-16F7-4668-BE54-9A1E7A4F7556}") = "CSharpGenericsLab.Starter", "Day 3\CSharp Generics Lab\CSharpGenericsLab.Starter\CSharpGenericsLab.Starter.csproj", "{77C6A51B-78E8-460D-B556-826CA79D1EAA}"
EndProject
Project("{9A19103F-16F7-4668-BE54-9A1E7A4F7556}") = "CSharpGenericsLab.End", "Day 3\CSharp Generics Lab\CSharpGenericsLab.End\CSharpGenericsLab.End.csproj", "{00FC2EDC-A253-43BD-9223-4FF837F66F62}"
EndProject
Project("{9A19103F-16F7-4668-BE54-9A1E7A4F7556}") = "VariantTypesGenerics.Starter", "Day 3\CSharp Variant Parameters Lab\VariantTypesGenerics.Starter\VariantTypesGenerics.Starter.csproj", "{C590B136-8CBC-49B6-B49E-15C59CB560A4}"
EndProject
Project("{9A19103F-16F7-4668-BE54-9A1E7A4F7556}") = "VariantTypesGenerics.Final", "Day 3\CSharp Variant Parameters Lab\VariantTypesGenerics.Final\VariantTypesGenerics.Final.csproj", "{8F29F150-F7A8-4D88-9267-8006FE8CC283}"
EndProject
Project("{2150E333-8FDC-42A3-9474-1A3956D46DE8}") = "LabInstructions", "LabInstructions", "{D9174261-4355-4628-824D-963BBE1F0AC5}"
	ProjectSection(SolutionItems) = preProject
		Day 1\NetCoreCliLabFinal\LabInstructions\LabInstructions.md = Day 1\NetCoreCliLabFinal\LabInstructions\LabInstructions.md
	EndProjectSection
EndProject
Global
	GlobalSection(SolutionConfigurationPlatforms) = preSolution
		Debug|Any CPU = Debug|Any CPU
		Release|Any CPU = Release|Any CPU
	EndGlobalSection
	GlobalSection(ProjectConfigurationPlatforms) = postSolution
		{B64DBEB0-986E-4F68-B4D9-B73503C7A108}.Debug|Any CPU.ActiveCfg = Debug|Any CPU
		{B64DBEB0-986E-4F68-B4D9-B73503C7A108}.Debug|Any CPU.Build.0 = Debug|Any CPU
		{B64DBEB0-986E-4F68-B4D9-B73503C7A108}.Release|Any CPU.ActiveCfg = Release|Any CPU
		{B64DBEB0-986E-4F68-B4D9-B73503C7A108}.Release|Any CPU.Build.0 = Release|Any CPU
		{FE01044F-5611-4EDD-9338-3EC1A00EBE02}.Debug|Any CPU.ActiveCfg = Debug|Any CPU
		{FE01044F-5611-4EDD-9338-3EC1A00EBE02}.Debug|Any CPU.Build.0 = Debug|Any CPU
		{FE01044F-5611-4EDD-9338-3EC1A00EBE02}.Release|Any CPU.ActiveCfg = Release|Any CPU
		{FE01044F-5611-4EDD-9338-3EC1A00EBE02}.Release|Any CPU.Build.0 = Release|Any CPU
		{9F656969-2E04-4B65-B1FA-785EED06D68B}.Debug|Any CPU.ActiveCfg = Debug|Any CPU
		{9F656969-2E04-4B65-B1FA-785EED06D68B}.Debug|Any CPU.Build.0 = Debug|Any CPU
		{9F656969-2E04-4B65-B1FA-785EED06D68B}.Release|Any CPU.ActiveCfg = Release|Any CPU
		{9F656969-2E04-4B65-B1FA-785EED06D68B}.Release|Any CPU.Build.0 = Release|Any CPU
		{C4449206-B495-4F36-95CF-34F1CEEDFDA0}.Debug|Any CPU.ActiveCfg = Debug|Any CPU
		{C4449206-B495-4F36-95CF-34F1CEEDFDA0}.Debug|Any CPU.Build.0 = Debug|Any CPU
		{C4449206-B495-4F36-95CF-34F1CEEDFDA0}.Release|Any CPU.ActiveCfg = Release|Any CPU
		{C4449206-B495-4F36-95CF-34F1CEEDFDA0}.Release|Any CPU.Build.0 = Release|Any CPU
		{351E5442-E363-4BA5-BCD5-7A5FF72F0B96}.Debug|Any CPU.ActiveCfg = Debug|Any CPU
		{351E5442-E363-4BA5-BCD5-7A5FF72F0B96}.Debug|Any CPU.Build.0 = Debug|Any CPU
		{351E5442-E363-4BA5-BCD5-7A5FF72F0B96}.Release|Any CPU.ActiveCfg = Release|Any CPU
		{351E5442-E363-4BA5-BCD5-7A5FF72F0B96}.Release|Any CPU.Build.0 = Release|Any CPU
		{3A54A1FF-EACE-477D-AD4C-6B93E6ADAAA2}.Debug|Any CPU.ActiveCfg = Debug|Any CPU
		{3A54A1FF-EACE-477D-AD4C-6B93E6ADAAA2}.Debug|Any CPU.Build.0 = Debug|Any CPU
		{3A54A1FF-EACE-477D-AD4C-6B93E6ADAAA2}.Release|Any CPU.ActiveCfg = Release|Any CPU
		{3A54A1FF-EACE-477D-AD4C-6B93E6ADAAA2}.Release|Any CPU.Build.0 = Release|Any CPU
		{260C13BB-4087-4683-B827-8E1CDB074CE4}.Debug|Any CPU.ActiveCfg = Debug|Any CPU
		{260C13BB-4087-4683-B827-8E1CDB074CE4}.Debug|Any CPU.Build.0 = Debug|Any CPU
		{260C13BB-4087-4683-B827-8E1CDB074CE4}.Release|Any CPU.ActiveCfg = Release|Any CPU
		{260C13BB-4087-4683-B827-8E1CDB074CE4}.Release|Any CPU.Build.0 = Release|Any CPU
		{4C05ECC8-E68C-4711-90CD-D0108D61E617}.Debug|Any CPU.ActiveCfg = Debug|Any CPU
		{4C05ECC8-E68C-4711-90CD-D0108D61E617}.Debug|Any CPU.Build.0 = Debug|Any CPU
		{4C05ECC8-E68C-4711-90CD-D0108D61E617}.Release|Any CPU.ActiveCfg = Release|Any CPU
		{4C05ECC8-E68C-4711-90CD-D0108D61E617}.Release|Any CPU.Build.0 = Release|Any CPU
		{692EB858-15CD-48C7-A40F-850EFE878F01}.Debug|Any CPU.ActiveCfg = Debug|Any CPU
		{692EB858-15CD-48C7-A40F-850EFE878F01}.Debug|Any CPU.Build.0 = Debug|Any CPU
		{692EB858-15CD-48C7-A40F-850EFE878F01}.Release|Any CPU.ActiveCfg = Release|Any CPU
		{692EB858-15CD-48C7-A40F-850EFE878F01}.Release|Any CPU.Build.0 = Release|Any CPU
		{E54DEB0B-8BE9-4C16-B554-43DB9E459C41}.Debug|Any CPU.ActiveCfg = Debug|Any CPU
		{E54DEB0B-8BE9-4C16-B554-43DB9E459C41}.Debug|Any CPU.Build.0 = Debug|Any CPU
		{E54DEB0B-8BE9-4C16-B554-43DB9E459C41}.Release|Any CPU.ActiveCfg = Release|Any CPU
		{E54DEB0B-8BE9-4C16-B554-43DB9E459C41}.Release|Any CPU.Build.0 = Release|Any CPU
		{40A36041-0930-4900-8B01-8C99DEBB196B}.Debug|Any CPU.ActiveCfg = Debug|Any CPU
		{40A36041-0930-4900-8B01-8C99DEBB196B}.Debug|Any CPU.Build.0 = Debug|Any CPU
		{40A36041-0930-4900-8B01-8C99DEBB196B}.Release|Any CPU.ActiveCfg = Release|Any CPU
		{40A36041-0930-4900-8B01-8C99DEBB196B}.Release|Any CPU.Build.0 = Release|Any CPU
		{88A3A3CD-AB3B-4A4A-B4D2-6EF4F38B8DE1}.Debug|Any CPU.ActiveCfg = Debug|Any CPU
		{88A3A3CD-AB3B-4A4A-B4D2-6EF4F38B8DE1}.Debug|Any CPU.Build.0 = Debug|Any CPU
		{88A3A3CD-AB3B-4A4A-B4D2-6EF4F38B8DE1}.Release|Any CPU.ActiveCfg = Release|Any CPU
		{88A3A3CD-AB3B-4A4A-B4D2-6EF4F38B8DE1}.Release|Any CPU.Build.0 = Release|Any CPU
		{EE0B6BFB-6649-4BA4-B4A8-1ABF92C74019}.Debug|Any CPU.ActiveCfg = Debug|Any CPU
		{EE0B6BFB-6649-4BA4-B4A8-1ABF92C74019}.Debug|Any CPU.Build.0 = Debug|Any CPU
		{EE0B6BFB-6649-4BA4-B4A8-1ABF92C74019}.Release|Any CPU.ActiveCfg = Release|Any CPU
		{EE0B6BFB-6649-4BA4-B4A8-1ABF92C74019}.Release|Any CPU.Build.0 = Release|Any CPU
		{77C6A51B-78E8-460D-B556-826CA79D1EAA}.Debug|Any CPU.ActiveCfg = Debug|Any CPU
		{77C6A51B-78E8-460D-B556-826CA79D1EAA}.Debug|Any CPU.Build.0 = Debug|Any CPU
		{77C6A51B-78E8-460D-B556-826CA79D1EAA}.Release|Any CPU.ActiveCfg = Release|Any CPU
		{77C6A51B-78E8-460D-B556-826CA79D1EAA}.Release|Any CPU.Build.0 = Release|Any CPU
		{00FC2EDC-A253-43BD-9223-4FF837F66F62}.Debug|Any CPU.ActiveCfg = Debug|Any CPU
		{00FC2EDC-A253-43BD-9223-4FF837F66F62}.Debug|Any CPU.Build.0 = Debug|Any CPU
		{00FC2EDC-A253-43BD-9223-4FF837F66F62}.Release|Any CPU.ActiveCfg = Release|Any CPU
		{00FC2EDC-A253-43BD-9223-4FF837F66F62}.Release|Any CPU.Build.0 = Release|Any CPU
		{C590B136-8CBC-49B6-B49E-15C59CB560A4}.Debug|Any CPU.ActiveCfg = Debug|Any CPU
		{C590B136-8CBC-49B6-B49E-15C59CB560A4}.Debug|Any CPU.Build.0 = Debug|Any CPU
		{C590B136-8CBC-49B6-B49E-15C59CB560A4}.Release|Any CPU.ActiveCfg = Release|Any CPU
		{C590B136-8CBC-49B6-B49E-15C59CB560A4}.Release|Any CPU.Build.0 = Release|Any CPU
		{8F29F150-F7A8-4D88-9267-8006FE8CC283}.Debug|Any CPU.ActiveCfg = Debug|Any CPU
		{8F29F150-F7A8-4D88-9267-8006FE8CC283}.Debug|Any CPU.Build.0 = Debug|Any CPU
		{8F29F150-F7A8-4D88-9267-8006FE8CC283}.Release|Any CPU.ActiveCfg = Release|Any CPU
		{8F29F150-F7A8-4D88-9267-8006FE8CC283}.Release|Any CPU.Build.0 = Release|Any CPU
	EndGlobalSection
	GlobalSection(SolutionProperties) = preSolution
		HideSolutionNode = FALSE
	EndGlobalSection
	GlobalSection(NestedProjects) = preSolution
		{CBA99CE7-3D0A-4DA1-A303-0556EFE94E4A} = {CDAE839A-A754-46AF-AA24-B0886F8DC6F7}
		{571F1EAA-F535-4CD2-BDEB-AF25FDC7CB42} = {CDAE839A-A754-46AF-AA24-B0886F8DC6F7}
		{B65E7EE6-1693-4AD2-90CE-12AB3014122E} = {E24819FF-5C0A-4348-BDB6-AEB579B4A5E4}
		{AEF9C78A-4F0C-4E31-B546-737FDCD15C48} = {E24819FF-5C0A-4348-BDB6-AEB579B4A5E4}
		{F4DD19F3-1F34-437D-8550-EE146AAD1ED1} = {230CCF55-58FB-4E95-864B-F01F4591F294}
		{CC471944-C40F-4617-877D-1C96901BE6E6} = {230CCF55-58FB-4E95-864B-F01F4591F294}
		{B64DBEB0-986E-4F68-B4D9-B73503C7A108} = {CBA99CE7-3D0A-4DA1-A303-0556EFE94E4A}
		{FE01044F-5611-4EDD-9338-3EC1A00EBE02} = {CBA99CE7-3D0A-4DA1-A303-0556EFE94E4A}
		{9F656969-2E04-4B65-B1FA-785EED06D68B} = {CBA99CE7-3D0A-4DA1-A303-0556EFE94E4A}
		{C4449206-B495-4F36-95CF-34F1CEEDFDA0} = {CBA99CE7-3D0A-4DA1-A303-0556EFE94E4A}
		{351E5442-E363-4BA5-BCD5-7A5FF72F0B96} = {CBA99CE7-3D0A-4DA1-A303-0556EFE94E4A}
		{3A54A1FF-EACE-477D-AD4C-6B93E6ADAAA2} = {571F1EAA-F535-4CD2-BDEB-AF25FDC7CB42}
		{260C13BB-4087-4683-B827-8E1CDB074CE4} = {571F1EAA-F535-4CD2-BDEB-AF25FDC7CB42}
		{4C05ECC8-E68C-4711-90CD-D0108D61E617} = {571F1EAA-F535-4CD2-BDEB-AF25FDC7CB42}
		{692EB858-15CD-48C7-A40F-850EFE878F01} = {571F1EAA-F535-4CD2-BDEB-AF25FDC7CB42}
		{E54DEB0B-8BE9-4C16-B554-43DB9E459C41} = {AEF9C78A-4F0C-4E31-B546-737FDCD15C48}
		{40A36041-0930-4900-8B01-8C99DEBB196B} = {AEF9C78A-4F0C-4E31-B546-737FDCD15C48}
		{88A3A3CD-AB3B-4A4A-B4D2-6EF4F38B8DE1} = {B65E7EE6-1693-4AD2-90CE-12AB3014122E}
		{EE0B6BFB-6649-4BA4-B4A8-1ABF92C74019} = {B65E7EE6-1693-4AD2-90CE-12AB3014122E}
		{77C6A51B-78E8-460D-B556-826CA79D1EAA} = {F4DD19F3-1F34-437D-8550-EE146AAD1ED1}
		{00FC2EDC-A253-43BD-9223-4FF837F66F62} = {F4DD19F3-1F34-437D-8550-EE146AAD1ED1}
		{C590B136-8CBC-49B6-B49E-15C59CB560A4} = {CC471944-C40F-4617-877D-1C96901BE6E6}
		{8F29F150-F7A8-4D88-9267-8006FE8CC283} = {CC471944-C40F-4617-877D-1C96901BE6E6}
		{D9174261-4355-4628-824D-963BBE1F0AC5} = {571F1EAA-F535-4CD2-BDEB-AF25FDC7CB42}
	EndGlobalSection
	GlobalSection(ExtensibilityGlobals) = postSolution
		SolutionGuid = {F89EFA6B-0155-4C35-AC9C-356E471C2AE6}
	EndGlobalSection
EndGlobal
